{
    "_readme": [
        "This file locks the dependencies of your project to a known state",
        "Read more about it at http://getcomposer.org/doc/01-basic-usage.md#composer-lock-the-lock-file",
        "This file is @generated automatically"
    ],
    "hash": "ffaa832bb8fb525e3dc9a8aa9369ce4f",
    "packages": [
        {
            "name": "mpf-soft/admin-widgets",
            "version": "dev-master",
            "source": {
                "type": "git",
                "url": "https://github.com/mpf-soft/admin-widgets.git",
                "reference": "2bb875e38202697472a5b22650f4b87732fe1c19"
            },
            "dist": {
                "type": "zip",
                "url": "https://api.github.com/repos/mpf-soft/admin-widgets/zipball/2bb875e38202697472a5b22650f4b87732fe1c19",
                "reference": "2bb875e38202697472a5b22650f4b87732fe1c19",
                "shasum": ""
            },
            "require": {
                "mpf-soft/mpf": "*"
            },
            "type": "library",
            "autoload": {
                "psr-4": {
                    "mpf\\widgets\\": "/"
                }
            },
            "notification-url": "https://packagist.org/downloads/",
            "license": [
                "Apache License"
            ],
            "authors": [
                {
                    "name": "Mirel Mitache",
                    "email": "mitache.mirel@gmail.com"
                }
            ],
            "description": "Basic widgets used by Admin module from base-app",
            "time": "2014-11-01 13:41:25"
        },
        {
            "name": "mpf-soft/mpf",
            "version": "dev-master",
            "source": {
                "type": "git",
                "url": "https://github.com/mpf-soft/mpf.git",
                "reference": "be1b98be5136e75093a59b5041ae7ba71fa1342b"
            },
            "dist": {
                "type": "zip",
                "url": "https://api.github.com/repos/mpf-soft/mpf/zipball/be1b98be5136e75093a59b5041ae7ba71fa1342b",
                "reference": "be1b98be5136e75093a59b5041ae7ba71fa1342b",
                "shasum": ""
            },
            "type": "library",
            "autoload": {
                "psr-4": {
                    "mpf\\": "/"
                }
            },
            "notification-url": "https://packagist.org/downloads/",
            "license": [
                "Apache License"
            ],
            "authors": [
                {
                    "name": "Mirel Mitache",
                    "email": "mitache.mirel@gmail.com"
                }
            ],
            "description": "MPF Framework files",
            "time": "2014-11-01 13:37:45"
        }
    ],
    "packages-dev": [],
    "aliases": [],
    "minimum-stability": "dev",
    "stability-flags": [],
    "prefer-stable": false,
    "platform": {
        "php": ">5.4.0"
    },
    "platform-dev": []
}
